
Microsoft Visual Studio Solution File, Format Version 12.00
# Visual Studio 15
VisualStudioVersion = 15.0.27130.2027
MinimumVisualStudioVersion = 10.0.40219.1
Project("{E24C65DC-7377-472B-9ABA-BC803B73C61A}") = "Musicspot", "Musicspot\", "{C913CE9B-448C-4845-8FBA-9F41F3A8F5EE}"
	ProjectSection(WebsiteProperties) = preProject
		TargetFrameworkMoniker = ".NETFramework,Version%3Dv4.6.1"
		Debug.AspNetCompiler.VirtualPath = "/localhost_60409"
		Debug.AspNetCompiler.PhysicalPath = "Musicspot\"
		Debug.AspNetCompiler.TargetPath = "PrecompiledWeb\localhost_60409\"
		Debug.AspNetCompiler.Updateable = "true"
		Debug.AspNetCompiler.ForceOverwrite = "true"
		Debug.AspNetCompiler.FixedNames = "false"
		Debug.AspNetCompiler.Debug = "True"
		Release.AspNetCompiler.VirtualPath = "/localhost_60409"
		Release.AspNetCompiler.PhysicalPath = "Musicspot\"
		Release.AspNetCompiler.TargetPath = "PrecompiledWeb\localhost_60409\"
		Release.AspNetCompiler.Updateable = "true"
		Release.AspNetCompiler.ForceOverwrite = "true"
		Release.AspNetCompiler.FixedNames = "false"
		Release.AspNetCompiler.Debug = "False"
		VWDPort = "60409"
		SlnRelativePath = "Musicspot\"
		DefaultWebSiteLanguage = "Visual C#"
	EndProjectSection
EndProject
Global
	GlobalSection(SolutionConfigurationPlatforms) = preSolution
		Debug|Any CPU = Debug|Any CPU
	EndGlobalSection
	GlobalSection(ProjectConfigurationPlatforms) = postSolution
		{C913CE9B-448C-4845-8FBA-9F41F3A8F5EE}.Debug|Any CPU.ActiveCfg = Debug|Any CPU
		{C913CE9B-448C-4845-8FBA-9F41F3A8F5EE}.Debug|Any CPU.Build.0 = Debug|Any CPU
	EndGlobalSection
	GlobalSection(SolutionProperties) = preSolution
		HideSolutionNode = FALSE
	EndGlobalSection
	GlobalSection(ExtensibilityGlobals) = postSolution
		SolutionGuid = {B1921FE8-7C13-4ED0-86EC-70602CE2E738}
	EndGlobalSection
EndGlobal
